
Microsoft Visual Studio Solution File, Format Version 12.00
# Visual Studio Version 17
VisualStudioVersion = 17.12.35521.163 d17.12
MinimumVisualStudioVersion = 10.0.40219.1
Project("{FAE04EC0-301F-11D3-BF4B-00C04F79EFBC}") = "LibraryManagementProblem", "LibraryManagementProblem\LibraryManagementProblem.csproj", "{8E370B4A-21FA-43D0-B109-A89AE30084CA}"
EndProject
Project("{FAE04EC0-301F-11D3-BF4B-00C04F79EFBC}") = "UnitTests", "UnitTests\UnitTests.csproj", "{3EA1ED1E-CE98-43E0-B60D-8D652EA299AD}"
EndProject
Global
	GlobalSection(SolutionConfigurationPlatforms) = preSolution
		Debug|Any CPU = Debug|Any CPU
		Release|Any CPU = Release|Any CPU
	EndGlobalSection
	GlobalSection(ProjectConfigurationPlatforms) = postSolution
		{8E370B4A-21FA-43D0-B109-A89AE30084CA}.Debug|Any CPU.ActiveCfg = Debug|Any CPU
		{8E370B4A-21FA-43D0-B109-A89AE30084CA}.Debug|Any CPU.Build.0 = Debug|Any CPU
		{8E370B4A-21FA-43D0-B109-A89AE30084CA}.Release|Any CPU.ActiveCfg = Release|Any CPU
		{8E370B4A-21FA-43D0-B109-A89AE30084CA}.Release|Any CPU.Build.0 = Release|Any CPU
		{3EA1ED1E-CE98-43E0-B60D-8D652EA299AD}.Debug|Any CPU.ActiveCfg = Debug|Any CPU
		{3EA1ED1E-CE98-43E0-B60D-8D652EA299AD}.Debug|Any CPU.Build.0 = Debug|Any CPU
		{3EA1ED1E-CE98-43E0-B60D-8D652EA299AD}.Release|Any CPU.ActiveCfg = Release|Any CPU
		{3EA1ED1E-CE98-43E0-B60D-8D652EA299AD}.Release|Any CPU.Build.0 = Release|Any CPU
	EndGlobalSection
	GlobalSection(SolutionProperties) = preSolution
		HideSolutionNode = FALSE
	EndGlobalSection
EndGlobal
